
Microsoft Visual Studio Solution File, Format Version 12.00
# Visual Studio Version 16
VisualStudioVersion = 16.0.30320.27
MinimumVisualStudioVersion = 10.0.40219.1
Project("{FAE04EC0-301F-11D3-BF4B-00C04F79EFBC}") = "Xadrez", "Xadrez\Xadrez.csproj", "{2C779F3C-8EF2-4285-8862-9F25DE29116B}"
EndProject
Global
	GlobalSection(SolutionConfigurationPlatforms) = preSolution
		Debug|Any CPU = Debug|Any CPU
		Release|Any CPU = Release|Any CPU
	EndGlobalSection
	GlobalSection(ProjectConfigurationPlatforms) = postSolution
		{2C779F3C-8EF2-4285-8862-9F25DE29116B}.Debug|Any CPU.ActiveCfg = Debug|Any CPU
		{2C779F3C-8EF2-4285-8862-9F25DE29116B}.Debug|Any CPU.Build.0 = Debug|Any CPU
		{2C779F3C-8EF2-4285-8862-9F25DE29116B}.Release|Any CPU.ActiveCfg = Release|Any CPU
		{2C779F3C-8EF2-4285-8862-9F25DE29116B}.Release|Any CPU.Build.0 = Release|Any CPU
	EndGlobalSection
	GlobalSection(SolutionProperties) = preSolution
		HideSolutionNode = FALSE
	EndGlobalSection
	GlobalSection(ExtensibilityGlobals) = postSolution
		SolutionGuid = {EECDA9AF-1C68-4A6A-99F5-909E09FA174F}
	EndGlobalSection
EndGlobal
